
Microsoft Visual Studio Solution File, Format Version 12.00
# Visual Studio Version 16
VisualStudioVersion = 16.0.33027.164
MinimumVisualStudioVersion = 10.0.40219.1
Project("{FAE04EC0-301F-11D3-BF4B-00C04F79EFBC}") = "Practice2", "Practice2\Practice2.csproj", "{1FFA0A62-6235-4F5C-9140-00977C9A1474}"
EndProject
Global
	GlobalSection(SolutionConfigurationPlatforms) = preSolution
		Debug|Any CPU = Debug|Any CPU
		Release|Any CPU = Release|Any CPU
	EndGlobalSection
	GlobalSection(ProjectConfigurationPlatforms) = postSolution
		{1FFA0A62-6235-4F5C-9140-00977C9A1474}.Debug|Any CPU.ActiveCfg = Debug|Any CPU
		{1FFA0A62-6235-4F5C-9140-00977C9A1474}.Debug|Any CPU.Build.0 = Debug|Any CPU
		{1FFA0A62-6235-4F5C-9140-00977C9A1474}.Release|Any CPU.ActiveCfg = Release|Any CPU
		{1FFA0A62-6235-4F5C-9140-00977C9A1474}.Release|Any CPU.Build.0 = Release|Any CPU
	EndGlobalSection
	GlobalSection(SolutionProperties) = preSolution
		HideSolutionNode = FALSE
	EndGlobalSection
	GlobalSection(ExtensibilityGlobals) = postSolution
		SolutionGuid = {58F2B751-0126-4064-87E6-1590AF61353B}
	EndGlobalSection
EndGlobal
